// !$*UTF8*$!
{
	archiveVersion = 1;
	classes = {
	};
	objectVersion = 56;
	objects = {

/* Begin PBXBuildFile section */
		485B1388202BF62E704BFCF5 /* Pods_SimpleAppTests.framework in Frameworks */ = {isa = PBXBuildFile; fileRef = 0B4295B35AB690A5E878D1F5 /* Pods_SimpleAppTests.framework */; };
		4C137E592B56385B00FF0FEB /* PersistenceService.swift in Sources */ = {isa = PBXBuildFile; fileRef = 4C137E582B56385B00FF0FEB /* PersistenceService.swift */; };
		4C3834992BBC0A2E0027BFB0 /* InlineSnapshotTesting in Frameworks */ = {isa = PBXBuildFile; productRef = 4C3834982BBC0A2E0027BFB0 /* InlineSnapshotTesting */; };
		4C38349B2BBC0A2E0027BFB0 /* SnapshotTesting in Frameworks */ = {isa = PBXBuildFile; productRef = 4C38349A2BBC0A2E0027BFB0 /* SnapshotTesting */; };
		4C38349D2BBC0A800027BFB0 /* SwiftSnapshotTests.swift in Sources */ = {isa = PBXBuildFile; fileRef = 4C38349C2BBC0A800027BFB0 /* SwiftSnapshotTests.swift */; };
		4C4495DB2BBA54C60088869E /* ArticleViewController.swift in Sources */ = {isa = PBXBuildFile; fileRef = 4C4495DA2BBA54C60088869E /* ArticleViewController.swift */; };
		4C5DDC4A2BBA4EBE00FAFFA8 /* SimpleAppTests.swift in Sources */ = {isa = PBXBuildFile; fileRef = 4C5DDC492BBA4EBE00FAFFA8 /* SimpleAppTests.swift */; };
		4CA3A1C12A55C613001EB9A6 /* AppDelegate.swift in Sources */ = {isa = PBXBuildFile; fileRef = 4CA3A1C02A55C613001EB9A6 /* AppDelegate.swift */; };
		4CA3A1C52A55C613001EB9A6 /* ViewController.swift in Sources */ = {isa = PBXBuildFile; fileRef = 4CA3A1C42A55C613001EB9A6 /* ViewController.swift */; };
		4CA3A1C82A55C613001EB9A6 /* Main.storyboard in Resources */ = {isa = PBXBuildFile; fileRef = 4CA3A1C62A55C613001EB9A6 /* Main.storyboard */; };
		4CA3A1CA2A55C615001EB9A6 /* Assets.xcassets in Resources */ = {isa = PBXBuildFile; fileRef = 4CA3A1C92A55C615001EB9A6 /* Assets.xcassets */; };
		4CA3A1CD2A55C615001EB9A6 /* LaunchScreen.storyboard in Resources */ = {isa = PBXBuildFile; fileRef = 4CA3A1CB2A55C615001EB9A6 /* LaunchScreen.storyboard */; };
		4CC3A3FC2AF3FAF9001C49C0 /* RealmActor.swift in Sources */ = {isa = PBXBuildFile; fileRef = 4CC3A3FB2AF3FAF9001C49C0 /* RealmActor.swift */; };
		6F94C2F06AFC76D397517C12 /* Pods_SimpleApp.framework in Frameworks */ = {isa = PBXBuildFile; fileRef = 73FA2B703D49E7FE69610E54 /* Pods_SimpleApp.framework */; };
/* End PBXBuildFile section */

/* Begin PBXContainerItemProxy section */
		4C5DDC4B2BBA4EBE00FAFFA8 /* PBXContainerItemProxy */ = {
			isa = PBXContainerItemProxy;
			containerPortal = 4CA3A1B52A55C613001EB9A6 /* Project object */;
			proxyType = 1;
			remoteGlobalIDString = 4CA3A1BC2A55C613001EB9A6;
			remoteInfo = SimpleApp;
		};
/* End PBXContainerItemProxy section */

/* Begin PBXFileReference section */
		0B4295B35AB690A5E878D1F5 /* Pods_SimpleAppTests.framework */ = {isa = PBXFileReference; explicitFileType = wrapper.framework; includeInIndex = 0; path = Pods_SimpleAppTests.framework; sourceTree = BUILT_PRODUCTS_DIR; };
		165F6E100D7AC595CAC31356 /* Pods-SimpleAppTests.release.xcconfig */ = {isa = PBXFileReference; includeInIndex = 1; lastKnownFileType = text.xcconfig; name = "Pods-SimpleAppTests.release.xcconfig"; path = "Target Support Files/Pods-SimpleAppTests/Pods-SimpleAppTests.release.xcconfig"; sourceTree = "<group>"; };
		1FADB226A0A84E21ADC95A4B /* Pods-SimpleApp.debug.xcconfig */ = {isa = PBXFileReference; includeInIndex = 1; lastKnownFileType = text.xcconfig; name = "Pods-SimpleApp.debug.xcconfig"; path = "Target Support Files/Pods-SimpleApp/Pods-SimpleApp.debug.xcconfig"; sourceTree = "<group>"; };
		4C137E582B56385B00FF0FEB /* PersistenceService.swift */ = {isa = PBXFileReference; lastKnownFileType = sourcecode.swift; path = PersistenceService.swift; sourceTree = "<group>"; };
		4C38349C2BBC0A800027BFB0 /* SwiftSnapshotTests.swift */ = {isa = PBXFileReference; lastKnownFileType = sourcecode.swift; path = SwiftSnapshotTests.swift; sourceTree = "<group>"; };
		4C4495DA2BBA54C60088869E /* ArticleViewController.swift */ = {isa = PBXFileReference; lastKnownFileType = sourcecode.swift; path = ArticleViewController.swift; sourceTree = "<group>"; };
		4C5DDC472BBA4EBE00FAFFA8 /* SimpleAppTests.xctest */ = {isa = PBXFileReference; explicitFileType = wrapper.cfbundle; includeInIndex = 0; path = SimpleAppTests.xctest; sourceTree = BUILT_PRODUCTS_DIR; };
		4C5DDC492BBA4EBE00FAFFA8 /* SimpleAppTests.swift */ = {isa = PBXFileReference; lastKnownFileType = sourcecode.swift; path = SimpleAppTests.swift; sourceTree = "<group>"; };
		4CA3A1BD2A55C613001EB9A6 /* SimpleApp.app */ = {isa = PBXFileReference; explicitFileType = wrapper.application; includeInIndex = 0; path = SimpleApp.app; sourceTree = BUILT_PRODUCTS_DIR; };
		4CA3A1C02A55C613001EB9A6 /* AppDelegate.swift */ = {isa = PBXFileReference; lastKnownFileType = sourcecode.swift; path = AppDelegate.swift; sourceTree = "<group>"; };
		4CA3A1C42A55C613001EB9A6 /* ViewController.swift */ = {isa = PBXFileReference; lastKnownFileType = sourcecode.swift; path = ViewController.swift; sourceTree = "<group>"; };
		4CA3A1C72A55C613001EB9A6 /* Base */ = {isa = PBXFileReference; lastKnownFileType = file.storyboard; name = Base; path = Base.lproj/Main.storyboard; sourceTree = "<group>"; };
		4CA3A1C92A55C615001EB9A6 /* Assets.xcassets */ = {isa = PBXFileReference; lastKnownFileType = folder.assetcatalog; path = Assets.xcassets; sourceTree = "<group>"; };
		4CA3A1CC2A55C615001EB9A6 /* Base */ = {isa = PBXFileReference; lastKnownFileType = file.storyboard; name = Base; path = Base.lproj/LaunchScreen.storyboard; sourceTree = "<group>"; };
		4CA3A1CE2A55C615001EB9A6 /* Info.plist */ = {isa = PBXFileReference; lastKnownFileType = text.plist.xml; path = Info.plist; sourceTree = "<group>"; };
		4CC3A3FB2AF3FAF9001C49C0 /* RealmActor.swift */ = {isa = PBXFileReference; lastKnownFileType = sourcecode.swift; path = RealmActor.swift; sourceTree = "<group>"; };
		73FA2B703D49E7FE69610E54 /* Pods_SimpleApp.framework */ = {isa = PBXFileReference; explicitFileType = wrapper.framework; includeInIndex = 0; path = Pods_SimpleApp.framework; sourceTree = BUILT_PRODUCTS_DIR; };
		9892F8000706E86A8140E7E8 /* Pods-SimpleAppTests.debug.xcconfig */ = {isa = PBXFileReference; includeInIndex = 1; lastKnownFileType = text.xcconfig; name = "Pods-SimpleAppTests.debug.xcconfig"; path = "Target Support Files/Pods-SimpleAppTests/Pods-SimpleAppTests.debug.xcconfig"; sourceTree = "<group>"; };
		A179933D08BC92D0992FE6AC /* Pods-SimpleApp.release.xcconfig */ = {isa = PBXFileReference; includeInIndex = 1; lastKnownFileType = text.xcconfig; name = "Pods-SimpleApp.release.xcconfig"; path = "Target Support Files/Pods-SimpleApp/Pods-SimpleApp.release.xcconfig"; sourceTree = "<group>"; };
/* End PBXFileReference section */

/* Begin PBXFrameworksBuildPhase section */
		4C5DDC442BBA4EBE00FAFFA8 /* Frameworks */ = {
			isa = PBXFrameworksBuildPhase;
			buildActionMask = 2147483647;
			files = (
				4C38349B2BBC0A2E0027BFB0 /* SnapshotTesting in Frameworks */,
				4C3834992BBC0A2E0027BFB0 /* InlineSnapshotTesting in Frameworks */,
				485B1388202BF62E704BFCF5 /* Pods_SimpleAppTests.framework in Frameworks */,
			);
			runOnlyForDeploymentPostprocessing = 0;
		};
		4CA3A1BA2A55C613001EB9A6 /* Frameworks */ = {
			isa = PBXFrameworksBuildPhase;
			buildActionMask = 2147483647;
			files = (
				6F94C2F06AFC76D397517C12 /* Pods_SimpleApp.framework in Frameworks */,
			);
			runOnlyForDeploymentPostprocessing = 0;
		};
/* End PBXFrameworksBuildPhase section */

/* Begin PBXGroup section */
		4C5DDC482BBA4EBE00FAFFA8 /* SimpleAppTests */ = {
			isa = PBXGroup;
			children = (
				4C5DDC492BBA4EBE00FAFFA8 /* SimpleAppTests.swift */,
				4C38349C2BBC0A800027BFB0 /* SwiftSnapshotTests.swift */,
			);
			path = SimpleAppTests;
			sourceTree = "<group>";
		};
		4CA3A1B42A55C613001EB9A6 = {
			isa = PBXGroup;
			children = (
				4CA3A1BF2A55C613001EB9A6 /* SimpleApp */,
				4C5DDC482BBA4EBE00FAFFA8 /* SimpleAppTests */,
				4CA3A1BE2A55C613001EB9A6 /* Products */,
				BF365FD00A876E61B80CACE6 /* Pods */,
				4EFA095C42AFAB07BA3CE6A6 /* Frameworks */,
			);
			sourceTree = "<group>";
		};
		4CA3A1BE2A55C613001EB9A6 /* Products */ = {
			isa = PBXGroup;
			children = (
				4CA3A1BD2A55C613001EB9A6 /* SimpleApp.app */,
				4C5DDC472BBA4EBE00FAFFA8 /* SimpleAppTests.xctest */,
			);
			name = Products;
			sourceTree = "<group>";
		};
		4CA3A1BF2A55C613001EB9A6 /* SimpleApp */ = {
			isa = PBXGroup;
			children = (
				4CA3A1C02A55C613001EB9A6 /* AppDelegate.swift */,
				4CA3A1C42A55C613001EB9A6 /* ViewController.swift */,
				4C4495DA2BBA54C60088869E /* ArticleViewController.swift */,
				4C137E582B56385B00FF0FEB /* PersistenceService.swift */,
				4CC3A3FB2AF3FAF9001C49C0 /* RealmActor.swift */,
				4CA3A1C62A55C613001EB9A6 /* Main.storyboard */,
				4CA3A1C92A55C615001EB9A6 /* Assets.xcassets */,
				4CA3A1CB2A55C615001EB9A6 /* LaunchScreen.storyboard */,
				4CA3A1CE2A55C615001EB9A6 /* Info.plist */,
			);
			path = SimpleApp;
			sourceTree = "<group>";
		};
		4EFA095C42AFAB07BA3CE6A6 /* Frameworks */ = {
			isa = PBXGroup;
			children = (
				73FA2B703D49E7FE69610E54 /* Pods_SimpleApp.framework */,
				0B4295B35AB690A5E878D1F5 /* Pods_SimpleAppTests.framework */,
			);
			name = Frameworks;
			sourceTree = "<group>";
		};
		BF365FD00A876E61B80CACE6 /* Pods */ = {
			isa = PBXGroup;
			children = (
				1FADB226A0A84E21ADC95A4B /* Pods-SimpleApp.debug.xcconfig */,
				A179933D08BC92D0992FE6AC /* Pods-SimpleApp.release.xcconfig */,
				9892F8000706E86A8140E7E8 /* Pods-SimpleAppTests.debug.xcconfig */,
				165F6E100D7AC595CAC31356 /* Pods-SimpleAppTests.release.xcconfig */,
			);
			path = Pods;
			sourceTree = "<group>";
		};
/* End PBXGroup section */

/* Begin PBXNativeTarget section */
		4C5DDC462BBA4EBE00FAFFA8 /* SimpleAppTests */ = {
			isa = PBXNativeTarget;
			buildConfigurationList = 4C5DDC4F2BBA4EBE00FAFFA8 /* Build configuration list for PBXNativeTarget "SimpleAppTests" */;
			buildPhases = (
				6ECA51980E42D58D990FBDE0 /* [CP] Check Pods Manifest.lock */,
				4C5DDC432BBA4EBE00FAFFA8 /* Sources */,
				4C5DDC442BBA4EBE00FAFFA8 /* Frameworks */,
				4C5DDC452BBA4EBE00FAFFA8 /* Resources */,
				916DFA70902D705249500209 /* [CP] Embed Pods Frameworks */,
			);
			buildRules = (
			);
			dependencies = (
				4C5DDC4C2BBA4EBE00FAFFA8 /* PBXTargetDependency */,
			);
			name = SimpleAppTests;
			packageProductDependencies = (
				4C3834982BBC0A2E0027BFB0 /* InlineSnapshotTesting */,
				4C38349A2BBC0A2E0027BFB0 /* SnapshotTesting */,
			);
			productName = SimpleAppTests;
			productReference = 4C5DDC472BBA4EBE00FAFFA8 /* SimpleAppTests.xctest */;
			productType = "com.apple.product-type.bundle.unit-test";
		};
		4CA3A1BC2A55C613001EB9A6 /* SimpleApp */ = {
			isa = PBXNativeTarget;
			buildConfigurationList = 4CA3A1D12A55C615001EB9A6 /* Build configuration list for PBXNativeTarget "SimpleApp" */;
			buildPhases = (
				97F1CDA62E601E95E8766E04 /* [CP] Check Pods Manifest.lock */,
				4CA3A1B92A55C613001EB9A6 /* Sources */,
				4CA3A1BA2A55C613001EB9A6 /* Frameworks */,
				4CA3A1BB2A55C613001EB9A6 /* Resources */,
				4D7168795382EC5E6060681D /* [CP] Embed Pods Frameworks */,
			);
			buildRules = (
			);
			dependencies = (
			);
			name = SimpleApp;
			productName = SimpleApp;
			productReference = 4CA3A1BD2A55C613001EB9A6 /* SimpleApp.app */;
			productType = "com.apple.product-type.application";
		};
/* End PBXNativeTarget section */

/* Begin PBXProject section */
		4CA3A1B52A55C613001EB9A6 /* Project object */ = {
			isa = PBXProject;
			attributes = {
				BuildIndependentTargetsInParallel = 1;
				LastSwiftUpdateCheck = 1510;
				LastUpgradeCheck = 1430;
				TargetAttributes = {
					4C5DDC462BBA4EBE00FAFFA8 = {
						CreatedOnToolsVersion = 15.1;
						TestTargetID = 4CA3A1BC2A55C613001EB9A6;
					};
					4CA3A1BC2A55C613001EB9A6 = {
						CreatedOnToolsVersion = 14.3.1;
					};
				};
			};
			buildConfigurationList = 4CA3A1B82A55C613001EB9A6 /* Build configuration list for PBXProject "SimpleApp" */;
			compatibilityVersion = "Xcode 14.0";
			developmentRegion = en;
			hasScannedForEncodings = 0;
			knownRegions = (
				en,
				Base,
			);
			mainGroup = 4CA3A1B42A55C613001EB9A6;
			packageReferences = (
				4C3834972BBC0A2E0027BFB0 /* XCRemoteSwiftPackageReference "swift-snapshot-testing" */,
			);
			productRefGroup = 4CA3A1BE2A55C613001EB9A6 /* Products */;
			projectDirPath = "";
			projectRoot = "";
			targets = (
				4CA3A1BC2A55C613001EB9A6 /* SimpleApp */,
				4C5DDC462BBA4EBE00FAFFA8 /* SimpleAppTests */,
			);
		};
/* End PBXProject section */

/* Begin PBXResourcesBuildPhase section */
		4C5DDC452BBA4EBE00FAFFA8 /* Resources */ = {
			isa = PBXResourcesBuildPhase;
			buildActionMask = 2147483647;
			files = (
			);
			runOnlyForDeploymentPostprocessing = 0;
		};
		4CA3A1BB2A55C613001EB9A6 /* Resources */ = {
			isa = PBXResourcesBuildPhase;
			buildActionMask = 2147483647;
			files = (
				4CA3A1CD2A55C615001EB9A6 /* LaunchScreen.storyboard in Resources */,
				4CA3A1CA2A55C615001EB9A6 /* Assets.xcassets in Resources */,
				4CA3A1C82A55C613001EB9A6 /* Main.storyboard in Resources */,
			);
			runOnlyForDeploymentPostprocessing = 0;
		};
/* End PBXResourcesBuildPhase section */

/* Begin PBXShellScriptBuildPhase section */
		4D7168795382EC5E6060681D /* [CP] Embed Pods Frameworks */ = {
			isa = PBXShellScriptBuildPhase;
			buildActionMask = 2147483647;
			files = (
			);
			inputFileListPaths = (
				"${PODS_ROOT}/Target Support Files/Pods-SimpleApp/Pods-SimpleApp-frameworks-${CONFIGURATION}-input-files.xcfilelist",
			);
			name = "[CP] Embed Pods Frameworks";
			outputFileListPaths = (
				"${PODS_ROOT}/Target Support Files/Pods-SimpleApp/Pods-SimpleApp-frameworks-${CONFIGURATION}-output-files.xcfilelist",
			);
			runOnlyForDeploymentPostprocessing = 0;
			shellPath = /bin/sh;
			shellScript = "\"${PODS_ROOT}/Target Support Files/Pods-SimpleApp/Pods-SimpleApp-frameworks.sh\"\n";
			showEnvVarsInLog = 0;
		};
		6ECA51980E42D58D990FBDE0 /* [CP] Check Pods Manifest.lock */ = {
			isa = PBXShellScriptBuildPhase;
			buildActionMask = 2147483647;
			files = (
			);
			inputFileListPaths = (
			);
			inputPaths = (
				"${PODS_PODFILE_DIR_PATH}/Podfile.lock",
				"${PODS_ROOT}/Manifest.lock",
			);
			name = "[CP] Check Pods Manifest.lock";
			outputFileListPaths = (
			);
			outputPaths = (
				"$(DERIVED_FILE_DIR)/Pods-SimpleAppTests-checkManifestLockResult.txt",
			);
			runOnlyForDeploymentPostprocessing = 0;
			shellPath = /bin/sh;
			shellScript = "diff \"${PODS_PODFILE_DIR_PATH}/Podfile.lock\" \"${PODS_ROOT}/Manifest.lock\" > /dev/null\nif [ $? != 0 ] ; then\n    # print error to STDERR\n    echo \"error: The sandbox is not in sync with the Podfile.lock. Run 'pod install' or update your CocoaPods installation.\" >&2\n    exit 1\nfi\n# This output is used by Xcode 'outputs' to avoid re-running this script phase.\necho \"SUCCESS\" > \"${SCRIPT_OUTPUT_FILE_0}\"\n";
			showEnvVarsInLog = 0;
		};
		916DFA70902D705249500209 /* [CP] Embed Pods Frameworks */ = {
			isa = PBXShellScriptBuildPhase;
			buildActionMask = 2147483647;
			files = (
			);
			inputFileListPaths = (
				"${PODS_ROOT}/Target Support Files/Pods-SimpleAppTests/Pods-SimpleAppTests-frameworks-${CONFIGURATION}-input-files.xcfilelist",
			);
			name = "[CP] Embed Pods Frameworks";
			outputFileListPaths = (
				"${PODS_ROOT}/Target Support Files/Pods-SimpleAppTests/Pods-SimpleAppTests-frameworks-${CONFIGURATION}-output-files.xcfilelist",
			);
			runOnlyForDeploymentPostprocessing = 0;
			shellPath = /bin/sh;
			shellScript = "\"${PODS_ROOT}/Target Support Files/Pods-SimpleAppTests/Pods-SimpleAppTests-frameworks.sh\"\n";
			showEnvVarsInLog = 0;
		};
		97F1CDA62E601E95E8766E04 /* [CP] Check Pods Manifest.lock */ = {
			isa = PBXShellScriptBuildPhase;
			buildActionMask = 2147483647;
			files = (
			);
			inputFileListPaths = (
			);
			inputPaths = (
				"${PODS_PODFILE_DIR_PATH}/Podfile.lock",
				"${PODS_ROOT}/Manifest.lock",
			);
			name = "[CP] Check Pods Manifest.lock";
			outputFileListPaths = (
			);
			outputPaths = (
				"$(DERIVED_FILE_DIR)/Pods-SimpleApp-checkManifestLockResult.txt",
			);
			runOnlyForDeploymentPostprocessing = 0;
			shellPath = /bin/sh;
			shellScript = "diff \"${PODS_PODFILE_DIR_PATH}/Podfile.lock\" \"${PODS_ROOT}/Manifest.lock\" > /dev/null\nif [ $? != 0 ] ; then\n    # print error to STDERR\n    echo \"error: The sandbox is not in sync with the Podfile.lock. Run 'pod install' or update your CocoaPods installation.\" >&2\n    exit 1\nfi\n# This output is used by Xcode 'outputs' to avoid re-running this script phase.\necho \"SUCCESS\" > \"${SCRIPT_OUTPUT_FILE_0}\"\n";
			showEnvVarsInLog = 0;
		};
/* End PBXShellScriptBuildPhase section */

/* Begin PBXSourcesBuildPhase section */
		4C5DDC432BBA4EBE00FAFFA8 /* Sources */ = {
			isa = PBXSourcesBuildPhase;
			buildActionMask = 2147483647;
			files = (
				4C5DDC4A2BBA4EBE00FAFFA8 /* SimpleAppTests.swift in Sources */,
				4C38349D2BBC0A800027BFB0 /* SwiftSnapshotTests.swift in Sources */,
			);
			runOnlyForDeploymentPostprocessing = 0;
		};
		4CA3A1B92A55C613001EB9A6 /* Sources */ = {
			isa = PBXSourcesBuildPhase;
			buildActionMask = 2147483647;
			files = (
				4CA3A1C52A55C613001EB9A6 /* ViewController.swift in Sources */,
				4C137E592B56385B00FF0FEB /* PersistenceService.swift in Sources */,
				4C4495DB2BBA54C60088869E /* ArticleViewController.swift in Sources */,
				4CC3A3FC2AF3FAF9001C49C0 /* RealmActor.swift in Sources */,
				4CA3A1C12A55C613001EB9A6 /* AppDelegate.swift in Sources */,
			);
			runOnlyForDeploymentPostprocessing = 0;
		};
/* End PBXSourcesBuildPhase section */

/* Begin PBXTargetDependency section */
		4C5DDC4C2BBA4EBE00FAFFA8 /* PBXTargetDependency */ = {
			isa = PBXTargetDependency;
			target = 4CA3A1BC2A55C613001EB9A6 /* SimpleApp */;
			targetProxy = 4C5DDC4B2BBA4EBE00FAFFA8 /* PBXContainerItemProxy */;
		};
/* End PBXTargetDependency section */

/* Begin PBXVariantGroup section */
		4CA3A1C62A55C613001EB9A6 /* Main.storyboard */ = {
			isa = PBXVariantGroup;
			children = (
				4CA3A1C72A55C613001EB9A6 /* Base */,
			);
			name = Main.storyboard;
			sourceTree = "<group>";
		};
		4CA3A1CB2A55C615001EB9A6 /* LaunchScreen.storyboard */ = {
			isa = PBXVariantGroup;
			children = (
				4CA3A1CC2A55C615001EB9A6 /* Base */,
			);
			name = LaunchScreen.storyboard;
			sourceTree = "<group>";
		};
/* End PBXVariantGroup section */

/* Begin XCBuildConfiguration section */
		4C5DDC4D2BBA4EBE00FAFFA8 /* Debug */ = {
			isa = XCBuildConfiguration;
			baseConfigurationReference = 9892F8000706E86A8140E7E8 /* Pods-SimpleAppTests.debug.xcconfig */;
			buildSettings = {
				ASSETCATALOG_COMPILER_GENERATE_SWIFT_ASSET_SYMBOL_EXTENSIONS = YES;
				BUNDLE_LOADER = "$(TEST_HOST)";
				CODE_SIGN_STYLE = Automatic;
				CURRENT_PROJECT_VERSION = 1;
				DEVELOPMENT_TEAM = TXN25H3NL3;
				ENABLE_USER_SCRIPT_SANDBOXING = NO;
				GCC_C_LANGUAGE_STANDARD = gnu17;
				GENERATE_INFOPLIST_FILE = YES;
				IPHONEOS_DEPLOYMENT_TARGET = 17.2;
				LOCALIZATION_PREFERS_STRING_CATALOGS = YES;
				MARKETING_VERSION = 1.0;
				PRODUCT_BUNDLE_IDENTIFIER = loxtechnology.SimpleAppTests;
				PRODUCT_NAME = "$(TARGET_NAME)";
				SWIFT_ACTIVE_COMPILATION_CONDITIONS = "DEBUG $(inherited)";
				SWIFT_EMIT_LOC_STRINGS = NO;
				SWIFT_VERSION = 5.0;
				TARGETED_DEVICE_FAMILY = "1,2";
				TEST_HOST = "$(BUILT_PRODUCTS_DIR)/SimpleApp.app/$(BUNDLE_EXECUTABLE_FOLDER_PATH)/SimpleApp";
			};
			name = Debug;
		};
		4C5DDC4E2BBA4EBE00FAFFA8 /* Release */ = {
			isa = XCBuildConfiguration;
			baseConfigurationReference = 165F6E100D7AC595CAC31356 /* Pods-SimpleAppTests.release.xcconfig */;
			buildSettings = {
				ASSETCATALOG_COMPILER_GENERATE_SWIFT_ASSET_SYMBOL_EXTENSIONS = YES;
				BUNDLE_LOADER = "$(TEST_HOST)";
				CODE_SIGN_STYLE = Automatic;
				CURRENT_PROJECT_VERSION = 1;
				DEVELOPMENT_TEAM = TXN25H3NL3;
				ENABLE_USER_SCRIPT_SANDBOXING = NO;
				GCC_C_LANGUAGE_STANDARD = gnu17;
				GENERATE_INFOPLIST_FILE = YES;
				IPHONEOS_DEPLOYMENT_TARGET = 17.2;
				LOCALIZATION_PREFERS_STRING_CATALOGS = YES;
				MARKETING_VERSION = 1.0;
				PRODUCT_BUNDLE_IDENTIFIER = loxtechnology.SimpleAppTests;
				PRODUCT_NAME = "$(TARGET_NAME)";
				SWIFT_EMIT_LOC_STRINGS = NO;
				SWIFT_VERSION = 5.0;
				TARGETED_DEVICE_FAMILY = "1,2";
				TEST_HOST = "$(BUILT_PRODUCTS_DIR)/SimpleApp.app/$(BUNDLE_EXECUTABLE_FOLDER_PATH)/SimpleApp";
			};
			name = Release;
		};
		4CA3A1CF2A55C615001EB9A6 /* Debug */ = {
			isa = XCBuildConfiguration;
			buildSettings = {
				ALWAYS_SEARCH_USER_PATHS = NO;
				CLANG_ANALYZER_NONNULL = YES;
				CLANG_ANALYZER_NUMBER_OBJECT_CONVERSION = YES_AGGRESSIVE;
				CLANG_CXX_LANGUAGE_STANDARD = "gnu++20";
				CLANG_ENABLE_MODULES = YES;
				CLANG_ENABLE_OBJC_ARC = YES;
				CLANG_ENABLE_OBJC_WEAK = YES;
				CLANG_WARN_BLOCK_CAPTURE_AUTORELEASING = YES;
				CLANG_WARN_BOOL_CONVERSION = YES;
				CLANG_WARN_COMMA = YES;
				CLANG_WARN_CONSTANT_CONVERSION = YES;
				CLANG_WARN_DEPRECATED_OBJC_IMPLEMENTATIONS = YES;
				CLANG_WARN_DIRECT_OBJC_ISA_USAGE = YES_ERROR;
				CLANG_WARN_DOCUMENTATION_COMMENTS = YES;
				CLANG_WARN_EMPTY_BODY = YES;
				CLANG_WARN_ENUM_CONVERSION = YES;
				CLANG_WARN_INFINITE_RECURSION = YES;
				CLANG_WARN_INT_CONVERSION = YES;
				CLANG_WARN_NON_LITERAL_NULL_CONVERSION = YES;
				CLANG_WARN_OBJC_IMPLICIT_RETAIN_SELF = YES;
				CLANG_WARN_OBJC_LITERAL_CONVERSION = YES;
				CLANG_WARN_OBJC_ROOT_CLASS = YES_ERROR;
				CLANG_WARN_QUOTED_INCLUDE_IN_FRAMEWORK_HEADER = YES;
				CLANG_WARN_RANGE_LOOP_ANALYSIS = YES;
				CLANG_WARN_STRICT_PROTOTYPES = YES;
				CLANG_WARN_SUSPICIOUS_MOVE = YES;
				CLANG_WARN_UNGUARDED_AVAILABILITY = YES_AGGRESSIVE;
				CLANG_WARN_UNREACHABLE_CODE = YES;
				CLANG_WARN__DUPLICATE_METHOD_MATCH = YES;
				COPY_PHASE_STRIP = NO;
				DEBUG_INFORMATION_FORMAT = dwarf;
				ENABLE_STRICT_OBJC_MSGSEND = YES;
				ENABLE_TESTABILITY = YES;
				GCC_C_LANGUAGE_STANDARD = gnu11;
				GCC_DYNAMIC_NO_PIC = NO;
				GCC_NO_COMMON_BLOCKS = YES;
				GCC_OPTIMIZATION_LEVEL = 0;
				GCC_PREPROCESSOR_DEFINITIONS = (
					"DEBUG=1",
					"$(inherited)",
				);
				GCC_WARN_64_TO_32_BIT_CONVERSION = YES;
				GCC_WARN_ABOUT_RETURN_TYPE = YES_ERROR;
				GCC_WARN_UNDECLARED_SELECTOR = YES;
				GCC_WARN_UNINITIALIZED_AUTOS = YES_AGGRESSIVE;
				GCC_WARN_UNUSED_FUNCTION = YES;
				GCC_WARN_UNUSED_VARIABLE = YES;
				IPHONEOS_DEPLOYMENT_TARGET = 16.4;
				MTL_ENABLE_DEBUG_INFO = INCLUDE_SOURCE;
				MTL_FAST_MATH = YES;
				ONLY_ACTIVE_ARCH = YES;
				SDKROOT = iphoneos;
				SWIFT_ACTIVE_COMPILATION_CONDITIONS = DEBUG;
				SWIFT_OPTIMIZATION_LEVEL = "-Onone";
			};
			name = Debug;
		};
		4CA3A1D02A55C615001EB9A6 /* Release */ = {
			isa = XCBuildConfiguration;
			buildSettings = {
				ALWAYS_SEARCH_USER_PATHS = NO;
				CLANG_ANALYZER_NONNULL = YES;
				CLANG_ANALYZER_NUMBER_OBJECT_CONVERSION = YES_AGGRESSIVE;
				CLANG_CXX_LANGUAGE_STANDARD = "gnu++20";
				CLANG_ENABLE_MODULES = YES;
				CLANG_ENABLE_OBJC_ARC = YES;
				CLANG_ENABLE_OBJC_WEAK = YES;
				CLANG_WARN_BLOCK_CAPTURE_AUTORELEASING = YES;
				CLANG_WARN_BOOL_CONVERSION = YES;
				CLANG_WARN_COMMA = YES;
				CLANG_WARN_CONSTANT_CONVERSION = YES;
				CLANG_WARN_DEPRECATED_OBJC_IMPLEMENTATIONS = YES;
				CLANG_WARN_DIRECT_OBJC_ISA_USAGE = YES_ERROR;
				CLANG_WARN_DOCUMENTATION_COMMENTS = YES;
				CLANG_WARN_EMPTY_BODY = YES;
				CLANG_WARN_ENUM_CONVERSION = YES;
				CLANG_WARN_INFINITE_RECURSION = YES;
				CLANG_WARN_INT_CONVERSION = YES;
				CLANG_WARN_NON_LITERAL_NULL_CONVERSION = YES;
				CLANG_WARN_OBJC_IMPLICIT_RETAIN_SELF = YES;
				CLANG_WARN_OBJC_LITERAL_CONVERSION = YES;
				CLANG_WARN_OBJC_ROOT_CLASS = YES_ERROR;
				CLANG_WARN_QUOTED_INCLUDE_IN_FRAMEWORK_HEADER = YES;
				CLANG_WARN_RANGE_LOOP_ANALYSIS = YES;
				CLANG_WARN_STRICT_PROTOTYPES = YES;
				CLANG_WARN_SUSPICIOUS_MOVE = YES;
				CLANG_WARN_UNGUARDED_AVAILABILITY = YES_AGGRESSIVE;
				CLANG_WARN_UNREACHABLE_CODE = YES;
				CLANG_WARN__DUPLICATE_METHOD_MATCH = YES;
				COPY_PHASE_STRIP = NO;
				DEBUG_INFORMATION_FORMAT = "dwarf-with-dsym";
				ENABLE_NS_ASSERTIONS = NO;
				ENABLE_STRICT_OBJC_MSGSEND = YES;
				GCC_C_LANGUAGE_STANDARD = gnu11;
				GCC_NO_COMMON_BLOCKS = YES;
				GCC_WARN_64_TO_32_BIT_CONVERSION = YES;
				GCC_WARN_ABOUT_RETURN_TYPE = YES_ERROR;
				GCC_WARN_UNDECLARED_SELECTOR = YES;
				GCC_WARN_UNINITIALIZED_AUTOS = YES_AGGRESSIVE;
				GCC_WARN_UNUSED_FUNCTION = YES;
				GCC_WARN_UNUSED_VARIABLE = YES;
				IPHONEOS_DEPLOYMENT_TARGET = 16.4;
				MTL_ENABLE_DEBUG_INFO = NO;
				MTL_FAST_MATH = YES;
				SDKROOT = iphoneos;
				SWIFT_COMPILATION_MODE = wholemodule;
				SWIFT_OPTIMIZATION_LEVEL = "-O";
				VALIDATE_PRODUCT = YES;
			};
			name = Release;
		};
		4CA3A1D22A55C615001EB9A6 /* Debug */ = {
			isa = XCBuildConfiguration;
			baseConfigurationReference = 1FADB226A0A84E21ADC95A4B /* Pods-SimpleApp.debug.xcconfig */;
			buildSettings = {
				ASSETCATALOG_COMPILER_APPICON_NAME = AppIcon;
				ASSETCATALOG_COMPILER_GLOBAL_ACCENT_COLOR_NAME = AccentColor;
				CODE_SIGN_STYLE = Automatic;
				CURRENT_PROJECT_VERSION = 1;
				DEVELOPMENT_TEAM = TXN25H3NL3;
				GENERATE_INFOPLIST_FILE = YES;
				INFOPLIST_FILE = SimpleApp/Info.plist;
				INFOPLIST_KEY_UIApplicationSupportsIndirectInputEvents = YES;
				INFOPLIST_KEY_UILaunchStoryboardName = LaunchScreen;
				INFOPLIST_KEY_UIMainStoryboardFile = Main;
				INFOPLIST_KEY_UISupportedInterfaceOrientations_iPad = "UIInterfaceOrientationPortrait UIInterfaceOrientationPortraitUpsideDown UIInterfaceOrientationLandscapeLeft UIInterfaceOrientationLandscapeRight";
				INFOPLIST_KEY_UISupportedInterfaceOrientations_iPhone = "UIInterfaceOrientationPortrait UIInterfaceOrientationLandscapeLeft UIInterfaceOrientationLandscapeRight";
				LD_RUNPATH_SEARCH_PATHS = (
					"$(inherited)",
					"@executable_path/Frameworks",
				);
				MARKETING_VERSION = 1.0;
				PRODUCT_BUNDLE_IDENTIFIER = lox.SimpleApp.aaaaaadfdsaf;
				PRODUCT_NAME = "$(TARGET_NAME)";
				SWIFT_EMIT_LOC_STRINGS = YES;
				SWIFT_STRICT_CONCURRENCY = minimal;
				SWIFT_VERSION = 5.0;
				TARGETED_DEVICE_FAMILY = "1,2";
			};
			name = Debug;
		};
		4CA3A1D32A55C615001EB9A6 /* Release */ = {
			isa = XCBuildConfiguration;
			baseConfigurationReference = A179933D08BC92D0992FE6AC /* Pods-SimpleApp.release.xcconfig */;
			buildSettings = {
				ASSETCATALOG_COMPILER_APPICON_NAME = AppIcon;
				ASSETCATALOG_COMPILER_GLOBAL_ACCENT_COLOR_NAME = AccentColor;
				CODE_SIGN_STYLE = Automatic;
				CURRENT_PROJECT_VERSION = 1;
				DEVELOPMENT_TEAM = TXN25H3NL3;
				GENERATE_INFOPLIST_FILE = YES;
				INFOPLIST_FILE = SimpleApp/Info.plist;
				INFOPLIST_KEY_UIApplicationSupportsIndirectInputEvents = YES;
				INFOPLIST_KEY_UILaunchStoryboardName = LaunchScreen;
				INFOPLIST_KEY_UIMainStoryboardFile = Main;
				INFOPLIST_KEY_UISupportedInterfaceOrientations_iPad = "UIInterfaceOrientationPortrait UIInterfaceOrientationPortraitUpsideDown UIInterfaceOrientationLandscapeLeft UIInterfaceOrientationLandscapeRight";
				INFOPLIST_KEY_UISupportedInterfaceOrientations_iPhone = "UIInterfaceOrientationPortrait UIInterfaceOrientationLandscapeLeft UIInterfaceOrientationLandscapeRight";
				LD_RUNPATH_SEARCH_PATHS = (
					"$(inherited)",
					"@executable_path/Frameworks",
				);
				MARKETING_VERSION = 1.0;
				PRODUCT_BUNDLE_IDENTIFIER = lox.SimpleApp.aaaaaadfdsaf;
				PRODUCT_NAME = "$(TARGET_NAME)";
				SWIFT_EMIT_LOC_STRINGS = YES;
				SWIFT_STRICT_CONCURRENCY = minimal;
				SWIFT_VERSION = 5.0;
				TARGETED_DEVICE_FAMILY = "1,2";
			};
			name = Release;
		};
/* End XCBuildConfiguration section */

/* Begin XCConfigurationList section */
		4C5DDC4F2BBA4EBE00FAFFA8 /* Build configuration list for PBXNativeTarget "SimpleAppTests" */ = {
			isa = XCConfigurationList;
			buildConfigurations = (
				4C5DDC4D2BBA4EBE00FAFFA8 /* Debug */,
				4C5DDC4E2BBA4EBE00FAFFA8 /* Release */,
			);
			defaultConfigurationIsVisible = 0;
			defaultConfigurationName = Release;
		};
		4CA3A1B82A55C613001EB9A6 /* Build configuration list for PBXProject "SimpleApp" */ = {
			isa = XCConfigurationList;
			buildConfigurations = (
				4CA3A1CF2A55C615001EB9A6 /* Debug */,
				4CA3A1D02A55C615001EB9A6 /* Release */,
			);
			defaultConfigurationIsVisible = 0;
			defaultConfigurationName = Release;
		};
		4CA3A1D12A55C615001EB9A6 /* Build configuration list for PBXNativeTarget "SimpleApp" */ = {
			isa = XCConfigurationList;
			buildConfigurations = (
				4CA3A1D22A55C615001EB9A6 /* Debug */,
				4CA3A1D32A55C615001EB9A6 /* Release */,
			);
			defaultConfigurationIsVisible = 0;
			defaultConfigurationName = Release;
		};
/* End XCConfigurationList section */

/* Begin XCRemoteSwiftPackageReference section */
		4C3834972BBC0A2E0027BFB0 /* XCRemoteSwiftPackageReference "swift-snapshot-testing" */ = {
			isa = XCRemoteSwiftPackageReference;
			repositoryURL = "https://github.com/pointfreeco/swift-snapshot-testing";
			requirement = {
				kind = exactVersion;
				version = 1.15.4;
			};
		};
/* End XCRemoteSwiftPackageReference section */

/* Begin XCSwiftPackageProductDependency section */
		4C3834982BBC0A2E0027BFB0 /* InlineSnapshotTesting */ = {
			isa = XCSwiftPackageProductDependency;
			package = 4C3834972BBC0A2E0027BFB0 /* XCRemoteSwiftPackageReference "swift-snapshot-testing" */;
			productName = InlineSnapshotTesting;
		};
		4C38349A2BBC0A2E0027BFB0 /* SnapshotTesting */ = {
			isa = XCSwiftPackageProductDependency;
			package = 4C3834972BBC0A2E0027BFB0 /* XCRemoteSwiftPackageReference "swift-snapshot-testing" */;
			productName = SnapshotTesting;
		};
/* End XCSwiftPackageProductDependency section */
	};
	rootObject = 4CA3A1B52A55C613001EB9A6 /* Project object */;
}
